version = 1
revision = 2
requires-python = ">=3.8"
resolution-markers = [
    "python_full_version >= '3.9'",
    "python_full_version < '3.9'",
]

[[package]]
name = "pdf-image"
version = "0.1.0"
source = { virtual = "." }
dependencies = [
    { name = "pymupdf", version = "1.24.11", source = { registry = "https://pypi.org/simple" }, marker = "python_full_version < '3.9'" },
    { name = "pymupdf", version = "1.25.5", source = { registry = "https://pypi.org/simple" }, marker = "python_full_version >= '3.9'" },
]

[package.metadata]
requires-dist = [{ name = "pymupdf", specifier = ">=1.24.11" }]

[[package]]
name = "pymupdf"
version = "1.24.11"
source = { registry = "https://pypi.org/simple" }
resolution-markers = [
    "python_full_version < '3.9'",
]
sdist = { url = "https://files.pythonhosted.org/packages/d4/a3/3edbb6be649e311107b320141cae0353d4cc9c6593eba7691f16c53c9c71/PyMuPDF-1.24.11.tar.gz", hash = "sha256:6e45e57f14ac902029d4aacf07684958d0e58c769f47d9045b2048d0a3d20155", size = 51199098, upload_time = "2024-10-03T20:59:54.415Z" }
wheels = [
    { url = "https://files.pythonhosted.org/packages/f5/75/b059d603530d99926de2b6a64314f3534e2149ee5496142de550c66907ac/PyMuPDF-1.24.11-cp38-abi3-macosx_10_9_x86_64.whl", hash = "sha256:24c35ba9e731027ff24566b90d4986e9aac75e1ce47589b25de51e3c687ddb73", size = 18895391, upload_time = "2024-10-03T20:58:18.04Z" },
    { url = "https://files.pythonhosted.org/packages/16/f8/8396ca7218622cb3600c919b320a24f05b7c14bd81eea03f3f2182844a06/PyMuPDF-1.24.11-cp38-abi3-macosx_11_0_arm64.whl", hash = "sha256:20c8eb65b855a33411246d6697a3f3166727fe2d8585753cf0db648730104be6", size = 18152689, upload_time = "2024-10-03T20:58:31.823Z" },
    { url = "https://files.pythonhosted.org/packages/55/3d/84bd559129d2ff07267baae0bde0c6f4f49232408b547971f7a2e1534cb9/PyMuPDF-1.24.11-cp38-abi3-manylinux2014_aarch64.manylinux_2_17_aarch64.whl", hash = "sha256:32fd013e3c844f105c0a6a43ee82acc7cd0c900f6ff14f5eed9492840bbcbdd9", size = 19033047, upload_time = "2024-10-04T07:59:52.645Z" },
    { url = "https://files.pythonhosted.org/packages/ca/21/ad66778ad2485f87ef1d5a36f17ec8d4aee8ce247c8e46c673eff776a877/PyMuPDF-1.24.11-cp38-abi3-manylinux2014_x86_64.manylinux_2_17_x86_64.whl", hash = "sha256:2efb793644df99db0fe2468149048175cf25c5803997828efc9152aca838f5f2", size = 19563533, upload_time = "2024-10-03T20:58:58.548Z" },
    { url = "https://files.pythonhosted.org/packages/6a/92/9ff020892560f80433876ec904c0f2669d1d69403adf412565e54a946615/PyMuPDF-1.24.11-cp38-abi3-musllinux_1_2_x86_64.whl", hash = "sha256:9b7ac5b8ec3daec17f2e830962ed091610e576a5e531d2fe28c437fbd69b1969", size = 20691324, upload_time = "2024-10-03T20:58:46.085Z" },
    { url = "https://files.pythonhosted.org/packages/28/6b/a0247598f06585d84ae9927d6ed191d89d38686ad6bf0dadc0ed699a77e7/PyMuPDF-1.24.11-cp38-abi3-win32.whl", hash = "sha256:6fda6c7ed7e6ad74d9cfac5c3837ef42efd58c506440e2513a0a200bc3c4dbc0", size = 14685566, upload_time = "2024-10-03T20:59:21.644Z" },
    { url = "https://files.pythonhosted.org/packages/f6/03/99895f003d7ff59c83d524aeccecff4e1ee1f39a7724f88acfda4f67b8bc/PyMuPDF-1.24.11-cp38-abi3-win_amd64.whl", hash = "sha256:745ce77532702d6ddeeecb47306d3669629aa5ff82708318cd652881f493b0ba", size = 15984328, upload_time = "2024-10-03T20:59:11.654Z" },
]

[[package]]
name = "pymupdf"
version = "1.25.5"
source = { registry = "https://pypi.org/simple" }
resolution-markers = [
    "python_full_version >= '3.9'",
]
sdist = { url = "https://files.pythonhosted.org/packages/f9/af/3d5d363241b9a74470273cf1534436f13a0a61fc5ef6efd19e5afe9de812/pymupdf-1.25.5.tar.gz", hash = "sha256:5f96311cacd13254c905f6654a004a0a2025b71cabc04fda667f5472f72c15a0", size = 69812626, upload_time = "2025-03-31T23:22:13.891Z" }
wheels = [
    { url = "https://files.pythonhosted.org/packages/85/5f/153d6c338291448e182648844849d13938a62a82a3e4a9b0907d9b381148/pymupdf-1.25.5-cp39-abi3-macosx_10_9_x86_64.whl", hash = "sha256:cde4e1c9cfb09c0e1e9c2b7f4b787dd6bb34a32cfe141a4675e24af7c0c25dd3", size = 19364722, upload_time = "2025-03-31T23:18:04.729Z" },
    { url = "https://files.pythonhosted.org/packages/4e/55/43b64fa6cd048d2ea4574c045b5ac05d023254b91c2c703185f6f8a77b30/pymupdf-1.25.5-cp39-abi3-macosx_11_0_arm64.whl", hash = "sha256:5a35e2725fae0ab57f058dff77615c15eb5961eac50ba04f41ebc792cd8facad", size = 18606161, upload_time = "2025-03-31T23:18:28.707Z" },
    { url = "https://files.pythonhosted.org/packages/8b/22/29edb3236aed2f99a7922699fd71183e2f6cdde3c3884670158ae4dcf3ea/pymupdf-1.25.5-cp39-abi3-manylinux2014_aarch64.manylinux_2_17_aarch64.whl", hash = "sha256:d94b800e9501929c42283d39bc241001dd87fdeea297b5cb40d5b5714534452f", size = 19467121, upload_time = "2025-04-01T09:31:13.172Z" },
    { url = "https://files.pythonhosted.org/packages/18/12/95e2ebe2933f94800fdeafd87bc281a790e1dc947b147c3d101df4f73703/pymupdf-1.25.5-cp39-abi3-manylinux2014_x86_64.manylinux_2_17_x86_64.whl", hash = "sha256:ee22155d3a634642d76553204867d862ae1bdd9f7cf70c0797d8127ebee6bed5", size = 20030310, upload_time = "2025-03-31T23:19:03.607Z" },
    { url = "https://files.pythonhosted.org/packages/bd/db/b4edec9e731ea7c2b74bf28b9091ed4e919d5c7f889ef86352b7fd416197/pymupdf-1.25.5-cp39-abi3-musllinux_1_2_x86_64.whl", hash = "sha256:6ed7fc25271004d6d3279c20a80cb2bb4cda3efa9f9088dcc07cd790eca0bc63", size = 21293562, upload_time = "2025-03-31T23:19:34.612Z" },
    { url = "https://files.pythonhosted.org/packages/ec/47/682a8ddce650e09f5de6809c9bce926b2493a19b7f9537d80d4646989670/pymupdf-1.25.5-cp39-abi3-win32.whl", hash = "sha256:65e18ddb37fe8ec4edcdbebe9be3a8486b6a2f42609d0a142677e42f3a0614f8", size = 15110464, upload_time = "2025-03-31T23:20:02.136Z" },
    { url = "https://files.pythonhosted.org/packages/71/c2/a9059607f80dcaf2392f991748cfc53456820392c0220cff02572653512a/pymupdf-1.25.5-cp39-abi3-win_amd64.whl", hash = "sha256:7f44bc3d03ea45b2f68c96464f96105e8c7908896f2fb5e8c04f1fb8dae7981e", size = 16579671, upload_time = "2025-03-31T23:20:25.793Z" },
]
